
Microsoft Visual Studio Solution File, Format Version 12.00
# Visual Studio Version 17
VisualStudioVersion = 17.13.35931.197 d17.13
MinimumVisualStudioVersion = 10.0.40219.1
Project("{FAE04EC0-301F-11D3-BF4B-00C04F79EFBC}") = "ProductAPIRedisCache", "ProductAPIRedisCache\ProductAPIRedisCache.csproj", "{53B2CF7F-DECF-4A91-AE43-2D3FE9951D9B}"
EndProject
Global
	GlobalSection(SolutionConfigurationPlatforms) = preSolution
		Debug|Any CPU = Debug|Any CPU
		Release|Any CPU = Release|Any CPU
	EndGlobalSection
	GlobalSection(ProjectConfigurationPlatforms) = postSolution
		{53B2CF7F-DECF-4A91-AE43-2D3FE9951D9B}.Debug|Any CPU.ActiveCfg = Debug|Any CPU
		{53B2CF7F-DECF-4A91-AE43-2D3FE9951D9B}.Debug|Any CPU.Build.0 = Debug|Any CPU
		{53B2CF7F-DECF-4A91-AE43-2D3FE9951D9B}.Release|Any CPU.ActiveCfg = Release|Any CPU
		{53B2CF7F-DECF-4A91-AE43-2D3FE9951D9B}.Release|Any CPU.Build.0 = Release|Any CPU
	EndGlobalSection
	GlobalSection(SolutionProperties) = preSolution
		HideSolutionNode = FALSE
	EndGlobalSection
	GlobalSection(ExtensibilityGlobals) = postSolution
		SolutionGuid = {B8610E12-231C-414B-B591-D789368C78D6}
	EndGlobalSection
EndGlobal
